
Microsoft Visual Studio Solution File, Format Version 12.00
# Visual Studio 15
VisualStudioVersion = 15.0.26124.0
MinimumVisualStudioVersion = 15.0.26124.0
Project("{FAE04EC0-301F-11D3-BF4B-00C04F79EFBC}") = "Rpi.SenseHat", "Rpi.SenseHat\Rpi.SenseHat.csproj", "{C41BE1E3-591E-4DA9-A10E-38305D9BC4EA}"
EndProject
Project("{FAE04EC0-301F-11D3-BF4B-00C04F79EFBC}") = "RTIMULibCS", "RTIMULibCS\RTIMULibCS.csproj", "{61B4A6A3-E7F7-489C-A45C-205864260B5D}"
EndProject
Project("{FAE04EC0-301F-11D3-BF4B-00C04F79EFBC}") = "Rpi.SenseHat.Tools", "Rpi.SenseHat.Tools\Rpi.SenseHat.Tools.csproj", "{471DA10F-FDA5-405E-9ADB-5D6ACD9B0F37}"
EndProject
Global
	GlobalSection(SolutionConfigurationPlatforms) = preSolution
		Debug|Any CPU = Debug|Any CPU
		Debug|x64 = Debug|x64
		Debug|x86 = Debug|x86
		Release|Any CPU = Release|Any CPU
		Release|x64 = Release|x64
		Release|x86 = Release|x86
	EndGlobalSection
	GlobalSection(SolutionProperties) = preSolution
		HideSolutionNode = FALSE
	EndGlobalSection
	GlobalSection(ProjectConfigurationPlatforms) = postSolution
		{C41BE1E3-591E-4DA9-A10E-38305D9BC4EA}.Debug|Any CPU.ActiveCfg = Debug|Any CPU
		{C41BE1E3-591E-4DA9-A10E-38305D9BC4EA}.Debug|Any CPU.Build.0 = Debug|Any CPU
		{C41BE1E3-591E-4DA9-A10E-38305D9BC4EA}.Debug|x64.ActiveCfg = Debug|Any CPU
		{C41BE1E3-591E-4DA9-A10E-38305D9BC4EA}.Debug|x64.Build.0 = Debug|Any CPU
		{C41BE1E3-591E-4DA9-A10E-38305D9BC4EA}.Debug|x86.ActiveCfg = Debug|Any CPU
		{C41BE1E3-591E-4DA9-A10E-38305D9BC4EA}.Debug|x86.Build.0 = Debug|Any CPU
		{C41BE1E3-591E-4DA9-A10E-38305D9BC4EA}.Release|Any CPU.ActiveCfg = Release|Any CPU
		{C41BE1E3-591E-4DA9-A10E-38305D9BC4EA}.Release|Any CPU.Build.0 = Release|Any CPU
		{C41BE1E3-591E-4DA9-A10E-38305D9BC4EA}.Release|x64.ActiveCfg = Release|Any CPU
		{C41BE1E3-591E-4DA9-A10E-38305D9BC4EA}.Release|x64.Build.0 = Release|Any CPU
		{C41BE1E3-591E-4DA9-A10E-38305D9BC4EA}.Release|x86.ActiveCfg = Release|Any CPU
		{C41BE1E3-591E-4DA9-A10E-38305D9BC4EA}.Release|x86.Build.0 = Release|Any CPU
		{61B4A6A3-E7F7-489C-A45C-205864260B5D}.Debug|Any CPU.ActiveCfg = Debug|Any CPU
		{61B4A6A3-E7F7-489C-A45C-205864260B5D}.Debug|Any CPU.Build.0 = Debug|Any CPU
		{61B4A6A3-E7F7-489C-A45C-205864260B5D}.Debug|x64.ActiveCfg = Debug|Any CPU
		{61B4A6A3-E7F7-489C-A45C-205864260B5D}.Debug|x64.Build.0 = Debug|Any CPU
		{61B4A6A3-E7F7-489C-A45C-205864260B5D}.Debug|x86.ActiveCfg = Debug|Any CPU
		{61B4A6A3-E7F7-489C-A45C-205864260B5D}.Debug|x86.Build.0 = Debug|Any CPU
		{61B4A6A3-E7F7-489C-A45C-205864260B5D}.Release|Any CPU.ActiveCfg = Release|Any CPU
		{61B4A6A3-E7F7-489C-A45C-205864260B5D}.Release|Any CPU.Build.0 = Release|Any CPU
		{61B4A6A3-E7F7-489C-A45C-205864260B5D}.Release|x64.ActiveCfg = Release|Any CPU
		{61B4A6A3-E7F7-489C-A45C-205864260B5D}.Release|x64.Build.0 = Release|Any CPU
		{61B4A6A3-E7F7-489C-A45C-205864260B5D}.Release|x86.ActiveCfg = Release|Any CPU
		{61B4A6A3-E7F7-489C-A45C-205864260B5D}.Release|x86.Build.0 = Release|Any CPU
		{471DA10F-FDA5-405E-9ADB-5D6ACD9B0F37}.Debug|Any CPU.ActiveCfg = Debug|Any CPU
		{471DA10F-FDA5-405E-9ADB-5D6ACD9B0F37}.Debug|Any CPU.Build.0 = Debug|Any CPU
		{471DA10F-FDA5-405E-9ADB-5D6ACD9B0F37}.Debug|x64.ActiveCfg = Debug|Any CPU
		{471DA10F-FDA5-405E-9ADB-5D6ACD9B0F37}.Debug|x64.Build.0 = Debug|Any CPU
		{471DA10F-FDA5-405E-9ADB-5D6ACD9B0F37}.Debug|x86.ActiveCfg = Debug|Any CPU
		{471DA10F-FDA5-405E-9ADB-5D6ACD9B0F37}.Debug|x86.Build.0 = Debug|Any CPU
		{471DA10F-FDA5-405E-9ADB-5D6ACD9B0F37}.Release|Any CPU.ActiveCfg = Release|Any CPU
		{471DA10F-FDA5-405E-9ADB-5D6ACD9B0F37}.Release|Any CPU.Build.0 = Release|Any CPU
		{471DA10F-FDA5-405E-9ADB-5D6ACD9B0F37}.Release|x64.ActiveCfg = Release|Any CPU
		{471DA10F-FDA5-405E-9ADB-5D6ACD9B0F37}.Release|x64.Build.0 = Release|Any CPU
		{471DA10F-FDA5-405E-9ADB-5D6ACD9B0F37}.Release|x86.ActiveCfg = Release|Any CPU
		{471DA10F-FDA5-405E-9ADB-5D6ACD9B0F37}.Release|x86.Build.0 = Release|Any CPU
	EndGlobalSection
EndGlobal
